// !$*UTF8*$!
{
	archiveVersion = 1;
	classes = {
	};
	objectVersion = 46;
	objects = {

/* Begin PBXBuildFile section */
		559B239C1F6D1EEB0082A399 /* main.m in Sources */ = {isa = PBXBuildFile; fileRef = 559B239B1F6D1EEB0082A399 /* main.m */; };
		559B239F1F6D1EEB0082A399 /* AppDelegate.m in Sources */ = {isa = PBXBuildFile; fileRef = 559B239E1F6D1EEB0082A399 /* AppDelegate.m */; };
		559B23A21F6D1EEB0082A399 /* ViewController.m in Sources */ = {isa = PBXBuildFile; fileRef = 559B23A11F6D1EEB0082A399 /* ViewController.m */; };
		559B23A51F6D1EEB0082A399 /* Main.storyboard in Resources */ = {isa = PBXBuildFile; fileRef = 559B23A31F6D1EEB0082A399 /* Main.storyboard */; };
		559B23A71F6D1EEB0082A399 /* Assets.xcassets in Resources */ = {isa = PBXBuildFile; fileRef = 559B23A61F6D1EEB0082A399 /* Assets.xcassets */; };
		559B23AA1F6D1EEB0082A399 /* LaunchScreen.storyboard in Resources */ = {isa = PBXBuildFile; fileRef = 559B23A81F6D1EEB0082A399 /* LaunchScreen.storyboard */; };
		559B23B41F6D24200082A399 /* CYXLoopProgressView.m in Sources */ = {isa = PBXBuildFile; fileRef = 559B23B31F6D24200082A399 /* CYXLoopProgressView.m */; };
		559B23BA1F6D24E30082A399 /* CYXLoopProgressView+BaseConfiguration.m in Sources */ = {isa = PBXBuildFile; fileRef = 559B23B91F6D24E30082A399 /* CYXLoopProgressView+BaseConfiguration.m */; };
/* End PBXBuildFile section */

/* Begin PBXFileReference section */
		559B23971F6D1EEB0082A399 /* CYXLoopProgressViewDemo.app */ = {isa = PBXFileReference; explicitFileType = wrapper.application; includeInIndex = 0; path = CYXLoopProgressViewDemo.app; sourceTree = BUILT_PRODUCTS_DIR; };
		559B239B1F6D1EEB0082A399 /* main.m */ = {isa = PBXFileReference; lastKnownFileType = sourcecode.c.objc; path = main.m; sourceTree = "<group>"; };
		559B239D1F6D1EEB0082A399 /* AppDelegate.h */ = {isa = PBXFileReference; lastKnownFileType = sourcecode.c.h; path = AppDelegate.h; sourceTree = "<group>"; };
		559B239E1F6D1EEB0082A399 /* AppDelegate.m */ = {isa = PBXFileReference; lastKnownFileType = sourcecode.c.objc; path = AppDelegate.m; sourceTree = "<group>"; };
		559B23A01F6D1EEB0082A399 /* ViewController.h */ = {isa = PBXFileReference; lastKnownFileType = sourcecode.c.h; path = ViewController.h; sourceTree = "<group>"; };
		559B23A11F6D1EEB0082A399 /* ViewController.m */ = {isa = PBXFileReference; lastKnownFileType = sourcecode.c.objc; path = ViewController.m; sourceTree = "<group>"; };
		559B23A41F6D1EEB0082A399 /* Base */ = {isa = PBXFileReference; lastKnownFileType = file.storyboard; name = Base; path = Base.lproj/Main.storyboard; sourceTree = "<group>"; };
		559B23A61F6D1EEB0082A399 /* Assets.xcassets */ = {isa = PBXFileReference; lastKnownFileType = folder.assetcatalog; path = Assets.xcassets; sourceTree = "<group>"; };
		559B23A91F6D1EEB0082A399 /* Base */ = {isa = PBXFileReference; lastKnownFileType = file.storyboard; name = Base; path = Base.lproj/LaunchScreen.storyboard; sourceTree = "<group>"; };
		559B23AB1F6D1EEB0082A399 /* Info.plist */ = {isa = PBXFileReference; lastKnownFileType = text.plist.xml; path = Info.plist; sourceTree = "<group>"; };
		559B23B21F6D24200082A399 /* CYXLoopProgressView.h */ = {isa = PBXFileReference; fileEncoding = 4; lastKnownFileType = sourcecode.c.h; path = CYXLoopProgressView.h; sourceTree = "<group>"; };
		559B23B31F6D24200082A399 /* CYXLoopProgressView.m */ = {isa = PBXFileReference; fileEncoding = 4; lastKnownFileType = sourcecode.c.objc; path = CYXLoopProgressView.m; sourceTree = "<group>"; };
		559B23B81F6D24E30082A399 /* CYXLoopProgressView+BaseConfiguration.h */ = {isa = PBXFileReference; fileEncoding = 4; lastKnownFileType = sourcecode.c.h; path = "CYXLoopProgressView+BaseConfiguration.h"; sourceTree = "<group>"; };
		559B23B91F6D24E30082A399 /* CYXLoopProgressView+BaseConfiguration.m */ = {isa = PBXFileReference; fileEncoding = 4; lastKnownFileType = sourcecode.c.objc; path = "CYXLoopProgressView+BaseConfiguration.m"; sourceTree = "<group>"; };
/* End PBXFileReference section */

/* Begin PBXFrameworksBuildPhase section */
		559B23941F6D1EEB0082A399 /* Frameworks */ = {
			isa = PBXFrameworksBuildPhase;
			buildActionMask = 2147483647;
			files = (
			);
			runOnlyForDeploymentPostprocessing = 0;
		};
/* End PBXFrameworksBuildPhase section */

/* Begin PBXGroup section */
		559B238E1F6D1EEA0082A399 = {
			isa = PBXGroup;
			children = (
				559B23991F6D1EEB0082A399 /* CYXLoopProgressViewDemo */,
				559B23981F6D1EEB0082A399 /* Products */,
			);
			sourceTree = "<group>";
		};
		559B23981F6D1EEB0082A399 /* Products */ = {
			isa = PBXGroup;
			children = (
				559B23971F6D1EEB0082A399 /* CYXLoopProgressViewDemo.app */,
			);
			name = Products;
			sourceTree = "<group>";
		};
		559B23991F6D1EEB0082A399 /* CYXLoopProgressViewDemo */ = {
			isa = PBXGroup;
			children = (
				559B23B11F6D24020082A399 /* CYXLoopProgressView */,
				559B239D1F6D1EEB0082A399 /* AppDelegate.h */,
				559B239E1F6D1EEB0082A399 /* AppDelegate.m */,
				559B23A01F6D1EEB0082A399 /* ViewController.h */,
				559B23A11F6D1EEB0082A399 /* ViewController.m */,
				559B23A31F6D1EEB0082A399 /* Main.storyboard */,
				559B23A61F6D1EEB0082A399 /* Assets.xcassets */,
				559B23A81F6D1EEB0082A399 /* LaunchScreen.storyboard */,
				559B23AB1F6D1EEB0082A399 /* Info.plist */,
				559B239A1F6D1EEB0082A399 /* Supporting Files */,
			);
			path = CYXLoopProgressViewDemo;
			sourceTree = "<group>";
		};
		559B239A1F6D1EEB0082A399 /* Supporting Files */ = {
			isa = PBXGroup;
			children = (
				559B239B1F6D1EEB0082A399 /* main.m */,
			);
			name = "Supporting Files";
			sourceTree = "<group>";
		};
		559B23B11F6D24020082A399 /* CYXLoopProgressView */ = {
			isa = PBXGroup;
			children = (
				559B23B21F6D24200082A399 /* CYXLoopProgressView.h */,
				559B23B31F6D24200082A399 /* CYXLoopProgressView.m */,
				559B23B81F6D24E30082A399 /* CYXLoopProgressView+BaseConfiguration.h */,
				559B23B91F6D24E30082A399 /* CYXLoopProgressView+BaseConfiguration.m */,
			);
			path = CYXLoopProgressView;
			sourceTree = "<group>";
		};
/* End PBXGroup section */

/* Begin PBXNativeTarget section */
		559B23961F6D1EEB0082A399 /* CYXLoopProgressViewDemo */ = {
			isa = PBXNativeTarget;
			buildConfigurationList = 559B23AE1F6D1EEB0082A399 /* Build configuration list for PBXNativeTarget "CYXLoopProgressViewDemo" */;
			buildPhases = (
				559B23931F6D1EEB0082A399 /* Sources */,
				559B23941F6D1EEB0082A399 /* Frameworks */,
				559B23951F6D1EEB0082A399 /* Resources */,
			);
			buildRules = (
			);
			dependencies = (
			);
			name = CYXLoopProgressViewDemo;
			productName = CYXLoopProgressViewDemo;
			productReference = 559B23971F6D1EEB0082A399 /* CYXLoopProgressViewDemo.app */;
			productType = "com.apple.product-type.application";
		};
/* End PBXNativeTarget section */

/* Begin PBXProject section */
		559B238F1F6D1EEA0082A399 /* Project object */ = {
			isa = PBXProject;
			attributes = {
				LastUpgradeCheck = 0830;
				ORGANIZATIONNAME = "超级腕电商";
				TargetAttributes = {
					559B23961F6D1EEB0082A399 = {
						CreatedOnToolsVersion = 8.3.3;
						DevelopmentTeam = QS43CC5A87;
						ProvisioningStyle = Automatic;
					};
				};
			};
			buildConfigurationList = 559B23921F6D1EEA0082A399 /* Build configuration list for PBXProject "CYXLoopProgressViewDemo" */;
			compatibilityVersion = "Xcode 3.2";
			developmentRegion = English;
			hasScannedForEncodings = 0;
			knownRegions = (
				en,
				Base,
			);
			mainGroup = 559B238E1F6D1EEA0082A399;
			productRefGroup = 559B23981F6D1EEB0082A399 /* Products */;
			projectDirPath = "";
			projectRoot = "";
			targets = (
				559B23961F6D1EEB0082A399 /* CYXLoopProgressViewDemo */,
			);
		};
/* End PBXProject section */

/* Begin PBXResourcesBuildPhase section */
		559B23951F6D1EEB0082A399 /* Resources */ = {
			isa = PBXResourcesBuildPhase;
			buildActionMask = 2147483647;
			files = (
				559B23AA1F6D1EEB0082A399 /* LaunchScreen.storyboard in Resources */,
				559B23A71F6D1EEB0082A399 /* Assets.xcassets in Resources */,
				559B23A51F6D1EEB0082A399 /* Main.storyboard in Resources */,
			);
			runOnlyForDeploymentPostprocessing = 0;
		};
/* End PBXResourcesBuildPhase section */

/* Begin PBXSourcesBuildPhase section */
		559B23931F6D1EEB0082A399 /* Sources */ = {
			isa = PBXSourcesBuildPhase;
			buildActionMask = 2147483647;
			files = (
				559B23A21F6D1EEB0082A399 /* ViewController.m in Sources */,
				559B239F1F6D1EEB0082A399 /* AppDelegate.m in Sources */,
				559B23B41F6D24200082A399 /* CYXLoopProgressView.m in Sources */,
				559B23BA1F6D24E30082A399 /* CYXLoopProgressView+BaseConfiguration.m in Sources */,
				559B239C1F6D1EEB0082A399 /* main.m in Sources */,
			);
			runOnlyForDeploymentPostprocessing = 0;
		};
/* End PBXSourcesBuildPhase section */

/* Begin PBXVariantGroup section */
		559B23A31F6D1EEB0082A399 /* Main.storyboard */ = {
			isa = PBXVariantGroup;
			children = (
				559B23A41F6D1EEB0082A399 /* Base */,
			);
			name = Main.storyboard;
			sourceTree = "<group>";
		};
		559B23A81F6D1EEB0082A399 /* LaunchScreen.storyboard */ = {
			isa = PBXVariantGroup;
			children = (
				559B23A91F6D1EEB0082A399 /* Base */,
			);
			name = LaunchScreen.storyboard;
			sourceTree = "<group>";
		};
/* End PBXVariantGroup section */

/* Begin XCBuildConfiguration section */
		559B23AC1F6D1EEB0082A399 /* Debug */ = {
			isa = XCBuildConfiguration;
			buildSettings = {
				ALWAYS_SEARCH_USER_PATHS = NO;
				CLANG_ANALYZER_NONNULL = YES;
				CLANG_ANALYZER_NUMBER_OBJECT_CONVERSION = YES_AGGRESSIVE;
				CLANG_CXX_LANGUAGE_STANDARD = "gnu++0x";
				CLANG_CXX_LIBRARY = "libc++";
				CLANG_ENABLE_MODULES = YES;
				CLANG_ENABLE_OBJC_ARC = YES;
				CLANG_WARN_BOOL_CONVERSION = YES;
				CLANG_WARN_CONSTANT_CONVERSION = YES;
				CLANG_WARN_DIRECT_OBJC_ISA_USAGE = YES_ERROR;
				CLANG_WARN_DOCUMENTATION_COMMENTS = YES;
				CLANG_WARN_EMPTY_BODY = YES;
				CLANG_WARN_ENUM_CONVERSION = YES;
				CLANG_WARN_INFINITE_RECURSION = YES;
				CLANG_WARN_INT_CONVERSION = YES;
				CLANG_WARN_OBJC_ROOT_CLASS = YES_ERROR;
				CLANG_WARN_SUSPICIOUS_MOVE = YES;
				CLANG_WARN_UNREACHABLE_CODE = YES;
				CLANG_WARN__DUPLICATE_METHOD_MATCH = YES;
				"CODE_SIGN_IDENTITY[sdk=iphoneos*]" = "iPhone Developer";
				COPY_PHASE_STRIP = NO;
				DEBUG_INFORMATION_FORMAT = dwarf;
				ENABLE_STRICT_OBJC_MSGSEND = YES;
				ENABLE_TESTABILITY = YES;
				GCC_C_LANGUAGE_STANDARD = gnu99;
				GCC_DYNAMIC_NO_PIC = NO;
				GCC_NO_COMMON_BLOCKS = YES;
				GCC_OPTIMIZATION_LEVEL = 0;
				GCC_PREPROCESSOR_DEFINITIONS = (
					"DEBUG=1",
					"$(inherited)",
				);
				GCC_WARN_64_TO_32_BIT_CONVERSION = YES;
				GCC_WARN_ABOUT_RETURN_TYPE = YES_ERROR;
				GCC_WARN_UNDECLARED_SELECTOR = YES;
				GCC_WARN_UNINITIALIZED_AUTOS = YES_AGGRESSIVE;
				GCC_WARN_UNUSED_FUNCTION = YES;
				GCC_WARN_UNUSED_VARIABLE = YES;
				IPHONEOS_DEPLOYMENT_TARGET = 10.3;
				MTL_ENABLE_DEBUG_INFO = YES;
				ONLY_ACTIVE_ARCH = YES;
				SDKROOT = iphoneos;
			};
			name = Debug;
		};
		559B23AD1F6D1EEB0082A399 /* Release */ = {
			isa = XCBuildConfiguration;
			buildSettings = {
				ALWAYS_SEARCH_USER_PATHS = NO;
				CLANG_ANALYZER_NONNULL = YES;
				CLANG_ANALYZER_NUMBER_OBJECT_CONVERSION = YES_AGGRESSIVE;
				CLANG_CXX_LANGUAGE_STANDARD = "gnu++0x";
				CLANG_CXX_LIBRARY = "libc++";
				CLANG_ENABLE_MODULES = YES;
				CLANG_ENABLE_OBJC_ARC = YES;
				CLANG_WARN_BOOL_CONVERSION = YES;
				CLANG_WARN_CONSTANT_CONVERSION = YES;
				CLANG_WARN_DIRECT_OBJC_ISA_USAGE = YES_ERROR;
				CLANG_WARN_DOCUMENTATION_COMMENTS = YES;
				CLANG_WARN_EMPTY_BODY = YES;
				CLANG_WARN_ENUM_CONVERSION = YES;
				CLANG_WARN_INFINITE_RECURSION = YES;
				CLANG_WARN_INT_CONVERSION = YES;
				CLANG_WARN_OBJC_ROOT_CLASS = YES_ERROR;
				CLANG_WARN_SUSPICIOUS_MOVE = YES;
				CLANG_WARN_UNREACHABLE_CODE = YES;
				CLANG_WARN__DUPLICATE_METHOD_MATCH = YES;
				"CODE_SIGN_IDENTITY[sdk=iphoneos*]" = "iPhone Developer";
				COPY_PHASE_STRIP = NO;
				DEBUG_INFORMATION_FORMAT = "dwarf-with-dsym";
				ENABLE_NS_ASSERTIONS = NO;
				ENABLE_STRICT_OBJC_MSGSEND = YES;
				GCC_C_LANGUAGE_STANDARD = gnu99;
				GCC_NO_COMMON_BLOCKS = YES;
				GCC_WARN_64_TO_32_BIT_CONVERSION = YES;
				GCC_WARN_ABOUT_RETURN_TYPE = YES_ERROR;
				GCC_WARN_UNDECLARED_SELECTOR = YES;
				GCC_WARN_UNINITIALIZED_AUTOS = YES_AGGRESSIVE;
				GCC_WARN_UNUSED_FUNCTION = YES;
				GCC_WARN_UNUSED_VARIABLE = YES;
				IPHONEOS_DEPLOYMENT_TARGET = 10.3;
				MTL_ENABLE_DEBUG_INFO = NO;
				SDKROOT = iphoneos;
				VALIDATE_PRODUCT = YES;
			};
			name = Release;
		};
		559B23AF1F6D1EEB0082A399 /* Debug */ = {
			isa = XCBuildConfiguration;
			buildSettings = {
				ASSETCATALOG_COMPILER_APPICON_NAME = AppIcon;
				DEVELOPMENT_TEAM = QS43CC5A87;
				INFOPLIST_FILE = CYXLoopProgressViewDemo/Info.plist;
				IPHONEOS_DEPLOYMENT_TARGET = 9.0;
				LD_RUNPATH_SEARCH_PATHS = "$(inherited) @executable_path/Frameworks";
				PRODUCT_BUNDLE_IDENTIFIER = model.CYXLoopProgressViewDemo;
				PRODUCT_NAME = "$(TARGET_NAME)";
			};
			name = Debug;
		};
		559B23B01F6D1EEB0082A399 /* Release */ = {
			isa = XCBuildConfiguration;
			buildSettings = {
				ASSETCATALOG_COMPILER_APPICON_NAME = AppIcon;
				DEVELOPMENT_TEAM = QS43CC5A87;
				INFOPLIST_FILE = CYXLoopProgressViewDemo/Info.plist;
				IPHONEOS_DEPLOYMENT_TARGET = 9.0;
				LD_RUNPATH_SEARCH_PATHS = "$(inherited) @executable_path/Frameworks";
				PRODUCT_BUNDLE_IDENTIFIER = model.CYXLoopProgressViewDemo;
				PRODUCT_NAME = "$(TARGET_NAME)";
			};
			name = Release;
		};
/* End XCBuildConfiguration section */

/* Begin XCConfigurationList section */
		559B23921F6D1EEA0082A399 /* Build configuration list for PBXProject "CYXLoopProgressViewDemo" */ = {
			isa = XCConfigurationList;
			buildConfigurations = (
				559B23AC1F6D1EEB0082A399 /* Debug */,
				559B23AD1F6D1EEB0082A399 /* Release */,
			);
			defaultConfigurationIsVisible = 0;
			defaultConfigurationName = Release;
		};
		559B23AE1F6D1EEB0082A399 /* Build configuration list for PBXNativeTarget "CYXLoopProgressViewDemo" */ = {
			isa = XCConfigurationList;
			buildConfigurations = (
				559B23AF1F6D1EEB0082A399 /* Debug */,
				559B23B01F6D1EEB0082A399 /* Release */,
			);
			defaultConfigurationIsVisible = 0;
			defaultConfigurationName = Release;
		};
/* End XCConfigurationList section */
	};
	rootObject = 559B238F1F6D1EEA0082A399 /* Project object */;
}
